
Microsoft Visual Studio Solution File, Format Version 11.00
# Visual Studio 2010
Project("{FAE04EC0-301F-11D3-BF4B-00C04F79EFBC}") = "idGame", "idGame\idGame.csproj", "{9F8FA1CC-2CED-45C0-BF53-4D38D8A85A80}"
EndProject
Project("{FAE04EC0-301F-11D3-BF4B-00C04F79EFBC}") = "idLib", "idLib\idLib.csproj", "{B4A377B8-A98D-4949-97FC-E4ADA341C651}"
EndProject
Project("{FAE04EC0-301F-11D3-BF4B-00C04F79EFBC}") = "idEngine", "idEngine\idEngine.csproj", "{B6B84A1A-0BBC-4147-8689-7D43209CEED3}"
EndProject
Project("{FAE04EC0-301F-11D3-BF4B-00C04F79EFBC}") = "idEngineContent", "idEngineContent\idEngineContent.contentproj", "{837FB8CF-623D-45CE-9885-9833F1B2FBBD}"
EndProject
Project("{2150E333-8FDC-42A3-9474-1A3956D46DE8}") = "Solution Items", "Solution Items", "{47E26324-DB80-4023-AECC-52B7A3709380}"
	ProjectSection(SolutionItems) = preProject
		Performance1.psess = Performance1.psess
	EndProjectSection
EndProject
Global
	GlobalSection(SolutionConfigurationPlatforms) = preSolution
		Debug with inlines and memory log|Any CPU = Debug with inlines and memory log|Any CPU
		Debug with inlines and memory log|Mixed Platforms = Debug with inlines and memory log|Mixed Platforms
		Debug with inlines and memory log|Win32 = Debug with inlines and memory log|Win32
		Debug with inlines and memory log|x86 = Debug with inlines and memory log|x86
		Debug with inlines|Any CPU = Debug with inlines|Any CPU
		Debug with inlines|Mixed Platforms = Debug with inlines|Mixed Platforms
		Debug with inlines|Win32 = Debug with inlines|Win32
		Debug with inlines|x86 = Debug with inlines|x86
		Debug|Any CPU = Debug|Any CPU
		Debug|Mixed Platforms = Debug|Mixed Platforms
		Debug|Win32 = Debug|Win32
		Debug|x86 = Debug|x86
		Release|Any CPU = Release|Any CPU
		Release|Mixed Platforms = Release|Mixed Platforms
		Release|Win32 = Release|Win32
		Release|x86 = Release|x86
	EndGlobalSection
	GlobalSection(ProjectConfigurationPlatforms) = postSolution
		{9F8FA1CC-2CED-45C0-BF53-4D38D8A85A80}.Debug with inlines and memory log|Any CPU.ActiveCfg = Debug|Any CPU
		{9F8FA1CC-2CED-45C0-BF53-4D38D8A85A80}.Debug with inlines and memory log|Any CPU.Build.0 = Debug|Any CPU
		{9F8FA1CC-2CED-45C0-BF53-4D38D8A85A80}.Debug with inlines and memory log|Mixed Platforms.ActiveCfg = Debug|Any CPU
		{9F8FA1CC-2CED-45C0-BF53-4D38D8A85A80}.Debug with inlines and memory log|Mixed Platforms.Build.0 = Debug|Any CPU
		{9F8FA1CC-2CED-45C0-BF53-4D38D8A85A80}.Debug with inlines and memory log|Win32.ActiveCfg = Debug|Any CPU
		{9F8FA1CC-2CED-45C0-BF53-4D38D8A85A80}.Debug with inlines and memory log|x86.ActiveCfg = Debug|Any CPU
		{9F8FA1CC-2CED-45C0-BF53-4D38D8A85A80}.Debug with inlines|Any CPU.ActiveCfg = Debug|Any CPU
		{9F8FA1CC-2CED-45C0-BF53-4D38D8A85A80}.Debug with inlines|Any CPU.Build.0 = Debug|Any CPU
		{9F8FA1CC-2CED-45C0-BF53-4D38D8A85A80}.Debug with inlines|Mixed Platforms.ActiveCfg = Debug|Any CPU
		{9F8FA1CC-2CED-45C0-BF53-4D38D8A85A80}.Debug with inlines|Mixed Platforms.Build.0 = Debug|Any CPU
		{9F8FA1CC-2CED-45C0-BF53-4D38D8A85A80}.Debug with inlines|Win32.ActiveCfg = Debug|Any CPU
		{9F8FA1CC-2CED-45C0-BF53-4D38D8A85A80}.Debug with inlines|x86.ActiveCfg = Debug|Any CPU
		{9F8FA1CC-2CED-45C0-BF53-4D38D8A85A80}.Debug|Any CPU.ActiveCfg = Debug|Any CPU
		{9F8FA1CC-2CED-45C0-BF53-4D38D8A85A80}.Debug|Any CPU.Build.0 = Debug|Any CPU
		{9F8FA1CC-2CED-45C0-BF53-4D38D8A85A80}.Debug|Mixed Platforms.ActiveCfg = Debug|Any CPU
		{9F8FA1CC-2CED-45C0-BF53-4D38D8A85A80}.Debug|Mixed Platforms.Build.0 = Debug|Any CPU
		{9F8FA1CC-2CED-45C0-BF53-4D38D8A85A80}.Debug|Win32.ActiveCfg = Debug|Any CPU
		{9F8FA1CC-2CED-45C0-BF53-4D38D8A85A80}.Debug|x86.ActiveCfg = Debug|Any CPU
		{9F8FA1CC-2CED-45C0-BF53-4D38D8A85A80}.Release|Any CPU.ActiveCfg = Release|Any CPU
		{9F8FA1CC-2CED-45C0-BF53-4D38D8A85A80}.Release|Any CPU.Build.0 = Release|Any CPU
		{9F8FA1CC-2CED-45C0-BF53-4D38D8A85A80}.Release|Mixed Platforms.ActiveCfg = Release|Any CPU
		{9F8FA1CC-2CED-45C0-BF53-4D38D8A85A80}.Release|Mixed Platforms.Build.0 = Release|Any CPU
		{9F8FA1CC-2CED-45C0-BF53-4D38D8A85A80}.Release|Win32.ActiveCfg = Release|Any CPU
		{9F8FA1CC-2CED-45C0-BF53-4D38D8A85A80}.Release|x86.ActiveCfg = Release|Any CPU
		{B4A377B8-A98D-4949-97FC-E4ADA341C651}.Debug with inlines and memory log|Any CPU.ActiveCfg = Debug|Any CPU
		{B4A377B8-A98D-4949-97FC-E4ADA341C651}.Debug with inlines and memory log|Any CPU.Build.0 = Debug|Any CPU
		{B4A377B8-A98D-4949-97FC-E4ADA341C651}.Debug with inlines and memory log|Mixed Platforms.ActiveCfg = Debug|Any CPU
		{B4A377B8-A98D-4949-97FC-E4ADA341C651}.Debug with inlines and memory log|Mixed Platforms.Build.0 = Debug|Any CPU
		{B4A377B8-A98D-4949-97FC-E4ADA341C651}.Debug with inlines and memory log|Win32.ActiveCfg = Debug|Any CPU
		{B4A377B8-A98D-4949-97FC-E4ADA341C651}.Debug with inlines and memory log|x86.ActiveCfg = Debug|Any CPU
		{B4A377B8-A98D-4949-97FC-E4ADA341C651}.Debug with inlines|Any CPU.ActiveCfg = Debug|Any CPU
		{B4A377B8-A98D-4949-97FC-E4ADA341C651}.Debug with inlines|Any CPU.Build.0 = Debug|Any CPU
		{B4A377B8-A98D-4949-97FC-E4ADA341C651}.Debug with inlines|Mixed Platforms.ActiveCfg = Debug|Any CPU
		{B4A377B8-A98D-4949-97FC-E4ADA341C651}.Debug with inlines|Mixed Platforms.Build.0 = Debug|Any CPU
		{B4A377B8-A98D-4949-97FC-E4ADA341C651}.Debug with inlines|Win32.ActiveCfg = Debug|Any CPU
		{B4A377B8-A98D-4949-97FC-E4ADA341C651}.Debug with inlines|x86.ActiveCfg = Debug|Any CPU
		{B4A377B8-A98D-4949-97FC-E4ADA341C651}.Debug|Any CPU.ActiveCfg = Debug|Any CPU
		{B4A377B8-A98D-4949-97FC-E4ADA341C651}.Debug|Any CPU.Build.0 = Debug|Any CPU
		{B4A377B8-A98D-4949-97FC-E4ADA341C651}.Debug|Mixed Platforms.ActiveCfg = Debug|Any CPU
		{B4A377B8-A98D-4949-97FC-E4ADA341C651}.Debug|Mixed Platforms.Build.0 = Debug|Any CPU
		{B4A377B8-A98D-4949-97FC-E4ADA341C651}.Debug|Win32.ActiveCfg = Debug|Any CPU
		{B4A377B8-A98D-4949-97FC-E4ADA341C651}.Debug|x86.ActiveCfg = Debug|Any CPU
		{B4A377B8-A98D-4949-97FC-E4ADA341C651}.Release|Any CPU.ActiveCfg = Release|Any CPU
		{B4A377B8-A98D-4949-97FC-E4ADA341C651}.Release|Any CPU.Build.0 = Release|Any CPU
		{B4A377B8-A98D-4949-97FC-E4ADA341C651}.Release|Mixed Platforms.ActiveCfg = Release|Any CPU
		{B4A377B8-A98D-4949-97FC-E4ADA341C651}.Release|Mixed Platforms.Build.0 = Release|Any CPU
		{B4A377B8-A98D-4949-97FC-E4ADA341C651}.Release|Win32.ActiveCfg = Release|Any CPU
		{B4A377B8-A98D-4949-97FC-E4ADA341C651}.Release|x86.ActiveCfg = Release|Any CPU
		{B6B84A1A-0BBC-4147-8689-7D43209CEED3}.Debug with inlines and memory log|Any CPU.ActiveCfg = Debug|x86
		{B6B84A1A-0BBC-4147-8689-7D43209CEED3}.Debug with inlines and memory log|Mixed Platforms.ActiveCfg = Debug|x86
		{B6B84A1A-0BBC-4147-8689-7D43209CEED3}.Debug with inlines and memory log|Mixed Platforms.Build.0 = Debug|x86
		{B6B84A1A-0BBC-4147-8689-7D43209CEED3}.Debug with inlines and memory log|Win32.ActiveCfg = Debug|x86
		{B6B84A1A-0BBC-4147-8689-7D43209CEED3}.Debug with inlines and memory log|x86.ActiveCfg = Debug|x86
		{B6B84A1A-0BBC-4147-8689-7D43209CEED3}.Debug with inlines and memory log|x86.Build.0 = Debug|x86
		{B6B84A1A-0BBC-4147-8689-7D43209CEED3}.Debug with inlines|Any CPU.ActiveCfg = Debug|x86
		{B6B84A1A-0BBC-4147-8689-7D43209CEED3}.Debug with inlines|Mixed Platforms.ActiveCfg = Debug|x86
		{B6B84A1A-0BBC-4147-8689-7D43209CEED3}.Debug with inlines|Mixed Platforms.Build.0 = Debug|x86
		{B6B84A1A-0BBC-4147-8689-7D43209CEED3}.Debug with inlines|Win32.ActiveCfg = Debug|x86
		{B6B84A1A-0BBC-4147-8689-7D43209CEED3}.Debug with inlines|x86.ActiveCfg = Debug|x86
		{B6B84A1A-0BBC-4147-8689-7D43209CEED3}.Debug with inlines|x86.Build.0 = Debug|x86
		{B6B84A1A-0BBC-4147-8689-7D43209CEED3}.Debug|Any CPU.ActiveCfg = Debug|x86
		{B6B84A1A-0BBC-4147-8689-7D43209CEED3}.Debug|Mixed Platforms.ActiveCfg = Debug|x86
		{B6B84A1A-0BBC-4147-8689-7D43209CEED3}.Debug|Mixed Platforms.Build.0 = Debug|x86
		{B6B84A1A-0BBC-4147-8689-7D43209CEED3}.Debug|Win32.ActiveCfg = Debug|x86
		{B6B84A1A-0BBC-4147-8689-7D43209CEED3}.Debug|x86.ActiveCfg = Debug|x86
		{B6B84A1A-0BBC-4147-8689-7D43209CEED3}.Debug|x86.Build.0 = Debug|x86
		{B6B84A1A-0BBC-4147-8689-7D43209CEED3}.Release|Any CPU.ActiveCfg = Release|x86
		{B6B84A1A-0BBC-4147-8689-7D43209CEED3}.Release|Mixed Platforms.ActiveCfg = Release|x86
		{B6B84A1A-0BBC-4147-8689-7D43209CEED3}.Release|Mixed Platforms.Build.0 = Release|x86
		{B6B84A1A-0BBC-4147-8689-7D43209CEED3}.Release|Win32.ActiveCfg = Release|x86
		{B6B84A1A-0BBC-4147-8689-7D43209CEED3}.Release|x86.ActiveCfg = Release|x86
		{B6B84A1A-0BBC-4147-8689-7D43209CEED3}.Release|x86.Build.0 = Release|x86
		{837FB8CF-623D-45CE-9885-9833F1B2FBBD}.Debug with inlines and memory log|Any CPU.ActiveCfg = Debug|x86
		{837FB8CF-623D-45CE-9885-9833F1B2FBBD}.Debug with inlines and memory log|Mixed Platforms.ActiveCfg = Debug|x86
		{837FB8CF-623D-45CE-9885-9833F1B2FBBD}.Debug with inlines and memory log|Win32.ActiveCfg = Debug|x86
		{837FB8CF-623D-45CE-9885-9833F1B2FBBD}.Debug with inlines and memory log|x86.ActiveCfg = Debug|x86
		{837FB8CF-623D-45CE-9885-9833F1B2FBBD}.Debug with inlines|Any CPU.ActiveCfg = Debug|x86
		{837FB8CF-623D-45CE-9885-9833F1B2FBBD}.Debug with inlines|Mixed Platforms.ActiveCfg = Debug|x86
		{837FB8CF-623D-45CE-9885-9833F1B2FBBD}.Debug with inlines|Win32.ActiveCfg = Debug|x86
		{837FB8CF-623D-45CE-9885-9833F1B2FBBD}.Debug with inlines|x86.ActiveCfg = Debug|x86
		{837FB8CF-623D-45CE-9885-9833F1B2FBBD}.Debug|Any CPU.ActiveCfg = Debug|x86
		{837FB8CF-623D-45CE-9885-9833F1B2FBBD}.Debug|Mixed Platforms.ActiveCfg = Debug|x86
		{837FB8CF-623D-45CE-9885-9833F1B2FBBD}.Debug|Win32.ActiveCfg = Debug|x86
		{837FB8CF-623D-45CE-9885-9833F1B2FBBD}.Debug|x86.ActiveCfg = Debug|x86
		{837FB8CF-623D-45CE-9885-9833F1B2FBBD}.Release|Any CPU.ActiveCfg = Release|x86
		{837FB8CF-623D-45CE-9885-9833F1B2FBBD}.Release|Mixed Platforms.ActiveCfg = Release|x86
		{837FB8CF-623D-45CE-9885-9833F1B2FBBD}.Release|Win32.ActiveCfg = Release|x86
		{837FB8CF-623D-45CE-9885-9833F1B2FBBD}.Release|x86.ActiveCfg = Release|x86
	EndGlobalSection
	GlobalSection(SolutionProperties) = preSolution
		HideSolutionNode = FALSE
	EndGlobalSection
EndGlobal
