<?xml version="1.0" encoding="utf-8"?>
<Project ToolsVersion="4.0" xmlns="http://schemas.microsoft.com/developer/msbuild/2003">
  <ItemGroup>
    <Filter Include="Game">
      <UniqueIdentifier>{9f387a96-aca7-4c3f-8d3c-10eed325b57d}</UniqueIdentifier>
    </Filter>
    <Filter Include="Managed">
      <UniqueIdentifier>{8629affb-9360-416b-9150-28758a11a9d1}</UniqueIdentifier>
    </Filter>
  </ItemGroup>
  <ItemGroup>
    <ClCompile Include="game\GameEdit.cpp">
      <Filter>Game</Filter>
    </ClCompile>
    <ClCompile Include="game\Game_local.cpp">
      <Filter>Game</Filter>
    </ClCompile>
  </ItemGroup>
  <ItemGroup>
    <ClInclude Include="game\Game.h">
      <Filter>Game</Filter>
    </ClInclude>
    <ClInclude Include="game\GameEdit.h">
      <Filter>Game</Filter>
    </ClInclude>
    <ClInclude Include="game\Game_local.h">
      <Filter>Game</Filter>
    </ClInclude>
    <ClInclude Include="managed\idGame.h">
      <Filter>Managed</Filter>
    </ClInclude>
    <ClInclude Include="managed\idDeclManager.h">
      <Filter>Managed</Filter>
    </ClInclude>
    <ClInclude Include="managed\idCvarSystem.h">
      <Filter>Managed</Filter>
    </ClInclude>
    <ClInclude Include="managed\idCmdSystem.h">
      <Filter>Managed</Filter>
    </ClInclude>
    <ClInclude Include="managed\idDict.h">
      <Filter>Managed</Filter>
    </ClInclude>
    <ClInclude Include="managed\AutoPtr.h">
      <Filter>Managed</Filter>
    </ClInclude>
    <ClInclude Include="managed\AutoPtr.h">
      <Filter>Managed</Filter>
    </ClInclude>
    <ClInclude Include="managed\idBitMsg.h">
      <Filter>Managed</Filter>
    </ClInclude>
    <ClInclude Include="managed\idNetworkSystem.h">
      <Filter>Managed</Filter>
    </ClInclude>
    <ClInclude Include="managed\idSoundWorld.h">
      <Filter>Managed</Filter>
    </ClInclude>
    <ClInclude Include="managed\idRenderWorld.h">
      <Filter>Managed</Filter>
    </ClInclude>
    <ClInclude Include="managed\idBitMsg.h">
      <Filter>Managed</Filter>
    </ClInclude>
    <ClInclude Include="managed\idMapFile.h">
      <Filter>Managed</Filter>
    </ClInclude>
    <ClInclude Include="managed\idCollisionModelManager.h">
      <Filter>Managed</Filter>
    </ClInclude>
    <ClInclude Include="managed\idE.h">
      <Filter>Managed</Filter>
    </ClInclude>
    <ClInclude Include="managed\idLangDict.h">
      <Filter>Managed</Filter>
    </ClInclude>
    <ClInclude Include="managed\idFileSystem.h">
      <Filter>Managed</Filter>
    </ClInclude>
    <ClInclude Include="managed\idRenderModelManager.h">
      <Filter>Managed</Filter>
    </ClInclude>
    <ClInclude Include="managed\idUIManager.h">
      <Filter>Managed</Filter>
    </ClInclude>
    <ClInclude Include="managed\idRenderView.h">
      <Filter>Managed</Filter>
    </ClInclude>
    <ClInclude Include="managed\idGameEdit.h">
      <Filter>Managed</Filter>
    </ClInclude>
    <ClInclude Include="managed\idRenderEntity.h">
      <Filter>Managed</Filter>
    </ClInclude>
  </ItemGroup>
  <ItemGroup>
    <None Include="game\Game.def" />
  </ItemGroup>
</Project>